PODS:
  - Alamofire (4.7.2)
  - AlamofireObjectMapper (5.0.0):
    - Alamofire (~> 4.1)
    - ObjectMapper (~> 3.0)
  - AWSAuthCore (2.6.21):
    - AWSCore (= 2.6.21)
  - AWSAuthUI (2.6.21):
    - AWSAuthCore (= 2.6.21)
    - AWSCore (= 2.6.21)
  - AWSCore (2.6.21)
  - AWSGoogleSignIn (2.6.21):
    - AWSAuthCore (= 2.6.21)
  - AWSMobileClient (2.6.21):
    - AWSAuthCore (= 2.6.21)
  - GoogleSignIn (4.1.2):
    - "GoogleToolboxForMac/NSDictionary+URLArguments (~> 2.1)"
    - "GoogleToolboxForMac/NSString+URLArguments (~> 2.1)"
    - GTMOAuth2 (~> 1.0)
    - GTMSessionFetcher/Core (~> 1.1)
  - GoogleToolboxForMac/DebugUtils (2.1.4):
    - GoogleToolboxForMac/Defines (= 2.1.4)
  - GoogleToolboxForMac/Defines (2.1.4)
  - "GoogleToolboxForMac/NSDictionary+URLArguments (2.1.4)":
    - GoogleToolboxForMac/DebugUtils (= 2.1.4)
    - GoogleToolboxForMac/Defines (= 2.1.4)
    - "GoogleToolboxForMac/NSString+URLArguments (= 2.1.4)"
  - "GoogleToolboxForMac/NSString+URLArguments (2.1.4)"
  - GTMOAuth2 (1.1.6):
    - GTMSessionFetcher (~> 1.1)
  - GTMSessionFetcher (1.1.15):
    - GTMSessionFetcher/Full (= 1.1.15)
  - GTMSessionFetcher/Core (1.1.15)
  - GTMSessionFetcher/Full (1.1.15):
    - GTMSessionFetcher/Core (= 1.1.15)
  - Kingfisher (4.8.0)
  - ObjcExceptionBridging (1.0.1):
    - ObjcExceptionBridging/ObjcExceptionBridging (= 1.0.1)
  - ObjcExceptionBridging/ObjcExceptionBridging (1.0.1)
  - ObjectMapper (3.2.0)
  - RxCocoa (4.1.2):
    - RxSwift (~> 4.0)
  - RxGesture (1.2.1):
    - RxCocoa (~> 4.0)
    - RxSwift (~> 4.0)
  - RxSwift (4.1.2)
  - SnapKit (4.0.0)
  - SVProgressHUD (2.2.5)
  - SwiftyJSON (4.1.0)
  - XCGLogger (6.0.2):
    - XCGLogger/Core (= 6.0.2)
  - XCGLogger/Core (6.0.2):
    - ObjcExceptionBridging

DEPENDENCIES:
  - Alamofire (~> 4.7)
  - AlamofireObjectMapper (~> 5.0)
  - AWSAuthUI (~> 2.6.13)
  - AWSGoogleSignIn (~> 2.6.13)
  - AWSMobileClient (~> 2.6.13)
  - GoogleSignIn (~> 4.0)
  - Kingfisher (~> 4.0)
  - ObjectMapper (~> 3.2)
  - RxCocoa (~> 4.0)
  - RxGesture
  - RxSwift (~> 4.0)
  - SnapKit (~> 4.0.0)
  - SVProgressHUD
  - SwiftyJSON (~> 4.0)
  - XCGLogger

SPEC REPOS:
  https://github.com/cocoapods/specs.git:
    - Alamofire
    - AlamofireObjectMapper
    - AWSAuthCore
    - AWSAuthUI
    - AWSCore
    - AWSGoogleSignIn
    - AWSMobileClient
    - GoogleSignIn
    - GoogleToolboxForMac
    - GTMOAuth2
    - GTMSessionFetcher
    - Kingfisher
    - ObjcExceptionBridging
    - ObjectMapper
    - RxCocoa
    - RxGesture
    - RxSwift
    - SnapKit
    - SVProgressHUD
    - SwiftyJSON
    - XCGLogger

SPEC CHECKSUMS:
  Alamofire: e4fa87002c137ba2d8d634d2c51fabcda0d5c223
  AlamofireObjectMapper: 5fafc816351cbbc0d486611aaeba7461c0cbad49
  AWSAuthCore: f912e4f032092818ee21860a44386c485329a92b
  AWSAuthUI: 8549f06975c03b653e45623f19d4cb34f16f2e8f
  AWSCore: a1ff1d32ea7af235fe64be301c204b34cb1f9f83
  AWSGoogleSignIn: bf452f135c5fc8fedb93fb75f10bd0ddb75add38
  AWSMobileClient: f61ef1ca52cf561a3831f4c29b8bfc43234db8f3
  GoogleSignIn: d9ef55b10f0aa401a5de2747f59b725e4b9732ac
  GoogleToolboxForMac: 91c824d21e85b31c2aae9bb011c5027c9b4e738f
  GTMOAuth2: c77fe325e4acd453837e72d91e3b5f13116857b2
  GTMSessionFetcher: 5fa5b80fd20e439ef5f545fb2cb3ca6c6714caa2
  Kingfisher: 976d828df2b24834c6a3f2fc4d82cdbd26552be1
  ObjcExceptionBridging: c30e00eb3700467e695faeea30e26e18bd445001
  ObjectMapper: 5cccd2de6f253eda859df8116a5a554d9769e859
  RxCocoa: d88ba0f1f6abf040011a9eb4b539324fc426843a
  RxGesture: c278eb05b187abd47e11e65464ae4de53ab71d95
  RxSwift: e49536837d9901277638493ea537394d4b55f570
  SnapKit: a42d492c16e80209130a3379f73596c3454b7694
  SVProgressHUD: 1428aafac632c1f86f62aa4243ec12008d7a51d6
  SwiftyJSON: c29297daf073d2aa016295d5809cdd68045c39b3
  XCGLogger: c9601cae9a8912de34a58666ba931ed3d624dd31

PODFILE CHECKSUM: 45b4699714022eec3f8208210a4a02df3f95a406

COCOAPODS: 1.5.3
