// !$*UTF8*$!
{
	archiveVersion = 1;
	classes = {
	};
	objectVersion = 50;
	objects = {

/* Begin PBXBuildFile section */
		6C1BACC220F290220037738A /* VESBookingSuccessViewController.swift in Sources */ = {isa = PBXBuildFile; fileRef = 6C1BACC020F290220037738A /* VESBookingSuccessViewController.swift */; };
		6C1BACC320F290220037738A /* VESBookingSuccessViewController.xib in Resources */ = {isa = PBXBuildFile; fileRef = 6C1BACC120F290220037738A /* VESBookingSuccessViewController.xib */; };
		6C2D0D0120EA8F0F00B2444F /* VESBookingCounselorVC.swift in Sources */ = {isa = PBXBuildFile; fileRef = 6C2D0CFF20EA8F0F00B2444F /* VESBookingCounselorVC.swift */; };
		6C2D0D0220EA8F0F00B2444F /* VESBookingCounselorVC.xib in Resources */ = {isa = PBXBuildFile; fileRef = 6C2D0D0020EA8F0F00B2444F /* VESBookingCounselorVC.xib */; };
		6C2E79FD20F78C1B00EE5870 /* GoogleService-Info.plist in Resources */ = {isa = PBXBuildFile; fileRef = 6C2E79FC20F78C1B00EE5870 /* GoogleService-Info.plist */; };
		6C3101DD20FA179800424EFF /* VESSettingVC.swift in Sources */ = {isa = PBXBuildFile; fileRef = 6C3101DB20FA179800424EFF /* VESSettingVC.swift */; };
		6C3101DE20FA179800424EFF /* VESSettingVC.xib in Resources */ = {isa = PBXBuildFile; fileRef = 6C3101DC20FA179800424EFF /* VESSettingVC.xib */; };
		6C5C7EB220DF8EF7009C075F /* _Atomic.swift in Sources */ = {isa = PBXBuildFile; fileRef = 6C5C7EAD20DF8EF7009C075F /* _Atomic.swift */; };
		6C5C7EB320DF8EF7009C075F /* _StateMachine.swift in Sources */ = {isa = PBXBuildFile; fileRef = 6C5C7EAE20DF8EF7009C075F /* _StateMachine.swift */; };
		6C5C7EB420DF8EF7009C075F /* SwiftTask.swift in Sources */ = {isa = PBXBuildFile; fileRef = 6C5C7EAF20DF8EF7009C075F /* SwiftTask.swift */; };
		6C5C7EB520DF8EF7009C075F /* _RecursiveLock.swift in Sources */ = {isa = PBXBuildFile; fileRef = 6C5C7EB020DF8EF7009C075F /* _RecursiveLock.swift */; };
		6C5C7EB620DF8EF7009C075F /* Cancellable.swift in Sources */ = {isa = PBXBuildFile; fileRef = 6C5C7EB120DF8EF7009C075F /* Cancellable.swift */; };
		6C5C7EB820DF97D3009C075F /* VESBaseTabBarController.swift in Sources */ = {isa = PBXBuildFile; fileRef = 6C5C7EB720DF97D3009C075F /* VESBaseTabBarController.swift */; };
		6C5C7EBB20DFAEEC009C075F /* VESTabBarVC.swift in Sources */ = {isa = PBXBuildFile; fileRef = 6C5C7EBA20DFAEEC009C075F /* VESTabBarVC.swift */; };
		6C5C7EBE20DFB598009C075F /* SwiftGen.sh in Resources */ = {isa = PBXBuildFile; fileRef = 6C5C7EBD20DFB598009C075F /* SwiftGen.sh */; };
		6C5C7EC320DFB755009C075F /* UIImage+Assets.swift in Sources */ = {isa = PBXBuildFile; fileRef = 6C5C7EC220DFB755009C075F /* UIImage+Assets.swift */; };
		6C5C7EC620DFB93E009C075F /* FlowManager.swift in Sources */ = {isa = PBXBuildFile; fileRef = 6C5C7EC520DFB93E009C075F /* FlowManager.swift */; };
		6C5C7ECA20DFC2C4009C075F /* VESCounselorCell.swift in Sources */ = {isa = PBXBuildFile; fileRef = 6C5C7EC820DFC2C4009C075F /* VESCounselorCell.swift */; };
		6C5C7ECB20DFC2C4009C075F /* VESCounselorCell.xib in Resources */ = {isa = PBXBuildFile; fileRef = 6C5C7EC920DFC2C4009C075F /* VESCounselorCell.xib */; };
		6C5C7ECF20DFC894009C075F /* VESCounselorDetailVC.swift in Sources */ = {isa = PBXBuildFile; fileRef = 6C5C7ECD20DFC894009C075F /* VESCounselorDetailVC.swift */; };
		6C5C7ED020DFC894009C075F /* VESCounselorDetailVC.xib in Resources */ = {isa = PBXBuildFile; fileRef = 6C5C7ECE20DFC894009C075F /* VESCounselorDetailVC.xib */; };
		6C69BB7D20DFFAF40039DA48 /* OpenSans-Semibold.ttf in Resources */ = {isa = PBXBuildFile; fileRef = 6C69BB7920DFFAF30039DA48 /* OpenSans-Semibold.ttf */; };
		6C69BB7E20DFFAF40039DA48 /* OpenSans-Light.ttf in Resources */ = {isa = PBXBuildFile; fileRef = 6C69BB7A20DFFAF30039DA48 /* OpenSans-Light.ttf */; };
		6C69BB7F20DFFAF40039DA48 /* OpenSans-Bold.ttf in Resources */ = {isa = PBXBuildFile; fileRef = 6C69BB7B20DFFAF30039DA48 /* OpenSans-Bold.ttf */; };
		6C69BB8020DFFAF40039DA48 /* OpenSans-Regular.ttf in Resources */ = {isa = PBXBuildFile; fileRef = 6C69BB7C20DFFAF30039DA48 /* OpenSans-Regular.ttf */; };
		6C7020ED20C6D3DE006AFEE5 /* Assets.xcassets in Resources */ = {isa = PBXBuildFile; fileRef = 6C7020EC20C6D3DE006AFEE5 /* Assets.xcassets */; };
		6C7020F020C6D3DE006AFEE5 /* LaunchScreen.storyboard in Resources */ = {isa = PBXBuildFile; fileRef = 6C7020EE20C6D3DE006AFEE5 /* LaunchScreen.storyboard */; };
		6C705C092106457E008B0B9E /* VESColor.txt in Resources */ = {isa = PBXBuildFile; fileRef = 6C705C082106457E008B0B9E /* VESColor.txt */; };
		6C705C0B21064613008B0B9E /* UIColor+VESColor.swift in Sources */ = {isa = PBXBuildFile; fileRef = 6C705C0A21064613008B0B9E /* UIColor+VESColor.swift */; };
		6C705C0D2106477A008B0B9E /* UIButtonExtensions.swift in Sources */ = {isa = PBXBuildFile; fileRef = 6C705C0C2106477A008B0B9E /* UIButtonExtensions.swift */; };
		6C8B952120CB9A7600F68D03 /* VESCounselorListVC.swift in Sources */ = {isa = PBXBuildFile; fileRef = 6C8B951F20CB9A7600F68D03 /* VESCounselorListVC.swift */; };
		6C8B952220CB9A7600F68D03 /* VESCounselorListVC.xib in Resources */ = {isa = PBXBuildFile; fileRef = 6C8B952020CB9A7600F68D03 /* VESCounselorListVC.xib */; };
		6C968C3820E8F82C003C08B8 /* PlistUtility.swift in Sources */ = {isa = PBXBuildFile; fileRef = 6C968C3720E8F82C003C08B8 /* PlistUtility.swift */; };
		6C968C3A20E8F873003C08B8 /* FakeCounselor.plist in Resources */ = {isa = PBXBuildFile; fileRef = 6C968C3920E8F873003C08B8 /* FakeCounselor.plist */; };
		6CAD5DCB20E8F3CC00B56ADD /* VESCounselorCellv2.swift in Sources */ = {isa = PBXBuildFile; fileRef = 6CAD5DC920E8F3CC00B56ADD /* VESCounselorCellv2.swift */; };
		6CAD5DCC20E8F3CC00B56ADD /* VESCounselorCellv2.xib in Resources */ = {isa = PBXBuildFile; fileRef = 6CAD5DCA20E8F3CC00B56ADD /* VESCounselorCellv2.xib */; };
		6CE0264120D97C6E0054C134 /* awsconfiguration.json in Resources */ = {isa = PBXBuildFile; fileRef = 6CE0264020D97C6E0054C134 /* awsconfiguration.json */; };
		6CE6C18320CB88FA00B58B86 /* VESAppDelegate.swift in Sources */ = {isa = PBXBuildFile; fileRef = 6CE6C18220CB88FA00B58B86 /* VESAppDelegate.swift */; };
		6CE6C18520CB899700B58B86 /* VESBaseViewController.swift in Sources */ = {isa = PBXBuildFile; fileRef = 6CE6C18420CB899700B58B86 /* VESBaseViewController.swift */; };
		6CE6C18720CB8A1500B58B86 /* NibLoadableView.swift in Sources */ = {isa = PBXBuildFile; fileRef = 6CE6C18620CB8A1500B58B86 /* NibLoadableView.swift */; };
		6CE6C18920CB8A3600B58B86 /* ReuseableView.swift in Sources */ = {isa = PBXBuildFile; fileRef = 6CE6C18820CB8A3600B58B86 /* ReuseableView.swift */; };
		6CE6C18B20CB8A6000B58B86 /* UIImageViewExtensions.swift in Sources */ = {isa = PBXBuildFile; fileRef = 6CE6C18A20CB8A6000B58B86 /* UIImageViewExtensions.swift */; };
		6CE6C18D20CB8A8C00B58B86 /* UIViewExtensions.swift in Sources */ = {isa = PBXBuildFile; fileRef = 6CE6C18C20CB8A8C00B58B86 /* UIViewExtensions.swift */; };
		6CE6C18F20CB8AA900B58B86 /* UITableViewExtensions.swift in Sources */ = {isa = PBXBuildFile; fileRef = 6CE6C18E20CB8AA900B58B86 /* UITableViewExtensions.swift */; };
		6CE6C19120CB8ACF00B58B86 /* InitializeExtensions.swift in Sources */ = {isa = PBXBuildFile; fileRef = 6CE6C19020CB8ACF00B58B86 /* InitializeExtensions.swift */; };
		6CE6C19320CB8AE600B58B86 /* ProcessInfoExtensions.swift in Sources */ = {isa = PBXBuildFile; fileRef = 6CE6C19220CB8AE600B58B86 /* ProcessInfoExtensions.swift */; };
		6CE6C19520CB8B0000B58B86 /* UICollectionViewExtensions.swift in Sources */ = {isa = PBXBuildFile; fileRef = 6CE6C19420CB8B0000B58B86 /* UICollectionViewExtensions.swift */; };
		6CE6C19720CB8B4100B58B86 /* StringExtensions.swift in Sources */ = {isa = PBXBuildFile; fileRef = 6CE6C19620CB8B4100B58B86 /* StringExtensions.swift */; };
		6CE6C19920CB8B6F00B58B86 /* AbstractAPI.swift in Sources */ = {isa = PBXBuildFile; fileRef = 6CE6C19820CB8B6F00B58B86 /* AbstractAPI.swift */; };
		6CE6C19C20CB8BF700B58B86 /* Constant.swift in Sources */ = {isa = PBXBuildFile; fileRef = 6CE6C19B20CB8BF700B58B86 /* Constant.swift */; };
		6CE6C19E20CB8C3100B58B86 /* NetworkingConstant.swift in Sources */ = {isa = PBXBuildFile; fileRef = 6CE6C19D20CB8C3100B58B86 /* NetworkingConstant.swift */; };
		6CE6C1A120CB8CBF00B58B86 /* EnvConfiguration.plist in Resources */ = {isa = PBXBuildFile; fileRef = 6CE6C1A020CB8CBF00B58B86 /* EnvConfiguration.plist */; };
		6CE6C1A320CB8D0A00B58B86 /* VESBaseTableViewCell.swift in Sources */ = {isa = PBXBuildFile; fileRef = 6CE6C1A220CB8D0A00B58B86 /* VESBaseTableViewCell.swift */; };
		6CE6C1A520CB8D2C00B58B86 /* VESBaseCollectionViewCell.swift in Sources */ = {isa = PBXBuildFile; fileRef = 6CE6C1A420CB8D2C00B58B86 /* VESBaseCollectionViewCell.swift */; };
		6CE6C1A720CB8D4B00B58B86 /* VESBaseNavigationController.swift in Sources */ = {isa = PBXBuildFile; fileRef = 6CE6C1A620CB8D4B00B58B86 /* VESBaseNavigationController.swift */; };
		6CE6C1AB20CB902C00B58B86 /* VESLoginVC.swift in Sources */ = {isa = PBXBuildFile; fileRef = 6CE6C1A920CB902C00B58B86 /* VESLoginVC.swift */; };
		6CE6C1AC20CB902C00B58B86 /* VESLoginVC.xib in Resources */ = {isa = PBXBuildFile; fileRef = 6CE6C1AA20CB902C00B58B86 /* VESLoginVC.xib */; };
		6CE6C1AF20CB917000B58B86 /* UIWindowTransitions.swift in Sources */ = {isa = PBXBuildFile; fileRef = 6CE6C1AE20CB917000B58B86 /* UIWindowTransitions.swift */; };
		6CF210F120F9FBE400A314CE /* VESAuthenticationService.swift in Sources */ = {isa = PBXBuildFile; fileRef = 6CF210F020F9FBE400A314CE /* VESAuthenticationService.swift */; };
		9AC4677C758A8D5495E558EB /* Pods_Venus.framework in Frameworks */ = {isa = PBXBuildFile; fileRef = 45C1C6CF20B5ADF17414234C /* Pods_Venus.framework */; };
/* End PBXBuildFile section */

/* Begin PBXFileReference section */
		45C1C6CF20B5ADF17414234C /* Pods_Venus.framework */ = {isa = PBXFileReference; explicitFileType = wrapper.framework; includeInIndex = 0; path = Pods_Venus.framework; sourceTree = BUILT_PRODUCTS_DIR; };
		6C1BACC020F290220037738A /* VESBookingSuccessViewController.swift */ = {isa = PBXFileReference; lastKnownFileType = sourcecode.swift; path = VESBookingSuccessViewController.swift; sourceTree = "<group>"; };
		6C1BACC120F290220037738A /* VESBookingSuccessViewController.xib */ = {isa = PBXFileReference; lastKnownFileType = file.xib; path = VESBookingSuccessViewController.xib; sourceTree = "<group>"; };
		6C2D0CFF20EA8F0F00B2444F /* VESBookingCounselorVC.swift */ = {isa = PBXFileReference; lastKnownFileType = sourcecode.swift; path = VESBookingCounselorVC.swift; sourceTree = "<group>"; };
		6C2D0D0020EA8F0F00B2444F /* VESBookingCounselorVC.xib */ = {isa = PBXFileReference; lastKnownFileType = file.xib; path = VESBookingCounselorVC.xib; sourceTree = "<group>"; };
		6C2E79FC20F78C1B00EE5870 /* GoogleService-Info.plist */ = {isa = PBXFileReference; fileEncoding = 4; lastKnownFileType = text.plist.xml; path = "GoogleService-Info.plist"; sourceTree = "<group>"; };
		6C3101DB20FA179800424EFF /* VESSettingVC.swift */ = {isa = PBXFileReference; lastKnownFileType = sourcecode.swift; path = VESSettingVC.swift; sourceTree = "<group>"; };
		6C3101DC20FA179800424EFF /* VESSettingVC.xib */ = {isa = PBXFileReference; lastKnownFileType = file.xib; path = VESSettingVC.xib; sourceTree = "<group>"; };
		6C5C7EAD20DF8EF7009C075F /* _Atomic.swift */ = {isa = PBXFileReference; fileEncoding = 4; lastKnownFileType = sourcecode.swift; path = _Atomic.swift; sourceTree = "<group>"; };
		6C5C7EAE20DF8EF7009C075F /* _StateMachine.swift */ = {isa = PBXFileReference; fileEncoding = 4; lastKnownFileType = sourcecode.swift; path = _StateMachine.swift; sourceTree = "<group>"; };
		6C5C7EAF20DF8EF7009C075F /* SwiftTask.swift */ = {isa = PBXFileReference; fileEncoding = 4; lastKnownFileType = sourcecode.swift; path = SwiftTask.swift; sourceTree = "<group>"; };
		6C5C7EB020DF8EF7009C075F /* _RecursiveLock.swift */ = {isa = PBXFileReference; fileEncoding = 4; lastKnownFileType = sourcecode.swift; path = _RecursiveLock.swift; sourceTree = "<group>"; };
		6C5C7EB120DF8EF7009C075F /* Cancellable.swift */ = {isa = PBXFileReference; fileEncoding = 4; lastKnownFileType = sourcecode.swift; path = Cancellable.swift; sourceTree = "<group>"; };
		6C5C7EB720DF97D3009C075F /* VESBaseTabBarController.swift */ = {isa = PBXFileReference; lastKnownFileType = sourcecode.swift; path = VESBaseTabBarController.swift; sourceTree = "<group>"; };
		6C5C7EBA20DFAEEC009C075F /* VESTabBarVC.swift */ = {isa = PBXFileReference; lastKnownFileType = sourcecode.swift; path = VESTabBarVC.swift; sourceTree = "<group>"; };
		6C5C7EBD20DFB598009C075F /* SwiftGen.sh */ = {isa = PBXFileReference; fileEncoding = 4; lastKnownFileType = text.script.sh; path = SwiftGen.sh; sourceTree = "<group>"; xcLanguageSpecificationIdentifier = xcode.lang.sh; };
		6C5C7EC220DFB755009C075F /* UIImage+Assets.swift */ = {isa = PBXFileReference; fileEncoding = 4; lastKnownFileType = sourcecode.swift; path = "UIImage+Assets.swift"; sourceTree = "<group>"; };
		6C5C7EC520DFB93E009C075F /* FlowManager.swift */ = {isa = PBXFileReference; lastKnownFileType = sourcecode.swift; path = FlowManager.swift; sourceTree = "<group>"; };
		6C5C7EC820DFC2C4009C075F /* VESCounselorCell.swift */ = {isa = PBXFileReference; lastKnownFileType = sourcecode.swift; path = VESCounselorCell.swift; sourceTree = "<group>"; };
		6C5C7EC920DFC2C4009C075F /* VESCounselorCell.xib */ = {isa = PBXFileReference; lastKnownFileType = file.xib; path = VESCounselorCell.xib; sourceTree = "<group>"; };
		6C5C7ECD20DFC894009C075F /* VESCounselorDetailVC.swift */ = {isa = PBXFileReference; lastKnownFileType = sourcecode.swift; path = VESCounselorDetailVC.swift; sourceTree = "<group>"; };
		6C5C7ECE20DFC894009C075F /* VESCounselorDetailVC.xib */ = {isa = PBXFileReference; lastKnownFileType = file.xib; path = VESCounselorDetailVC.xib; sourceTree = "<group>"; };
		6C69BB7920DFFAF30039DA48 /* OpenSans-Semibold.ttf */ = {isa = PBXFileReference; lastKnownFileType = file; path = "OpenSans-Semibold.ttf"; sourceTree = "<group>"; };
		6C69BB7A20DFFAF30039DA48 /* OpenSans-Light.ttf */ = {isa = PBXFileReference; lastKnownFileType = file; path = "OpenSans-Light.ttf"; sourceTree = "<group>"; };
		6C69BB7B20DFFAF30039DA48 /* OpenSans-Bold.ttf */ = {isa = PBXFileReference; lastKnownFileType = file; path = "OpenSans-Bold.ttf"; sourceTree = "<group>"; };
		6C69BB7C20DFFAF30039DA48 /* OpenSans-Regular.ttf */ = {isa = PBXFileReference; lastKnownFileType = file; path = "OpenSans-Regular.ttf"; sourceTree = "<group>"; };
		6C7020E220C6D3DD006AFEE5 /* Venus.app */ = {isa = PBXFileReference; explicitFileType = wrapper.application; includeInIndex = 0; path = Venus.app; sourceTree = BUILT_PRODUCTS_DIR; };
		6C7020EC20C6D3DE006AFEE5 /* Assets.xcassets */ = {isa = PBXFileReference; lastKnownFileType = folder.assetcatalog; path = Assets.xcassets; sourceTree = "<group>"; };
		6C7020EF20C6D3DE006AFEE5 /* Base */ = {isa = PBXFileReference; lastKnownFileType = file.storyboard; name = Base; path = Base.lproj/LaunchScreen.storyboard; sourceTree = "<group>"; };
		6C7020F120C6D3DE006AFEE5 /* Info.plist */ = {isa = PBXFileReference; lastKnownFileType = text.plist.xml; path = Info.plist; sourceTree = "<group>"; };
		6C705C082106457E008B0B9E /* VESColor.txt */ = {isa = PBXFileReference; lastKnownFileType = text; path = VESColor.txt; sourceTree = "<group>"; };
		6C705C0A21064613008B0B9E /* UIColor+VESColor.swift */ = {isa = PBXFileReference; fileEncoding = 4; lastKnownFileType = sourcecode.swift; path = "UIColor+VESColor.swift"; sourceTree = "<group>"; };
		6C705C0C2106477A008B0B9E /* UIButtonExtensions.swift */ = {isa = PBXFileReference; lastKnownFileType = sourcecode.swift; path = UIButtonExtensions.swift; sourceTree = "<group>"; };
		6C8B951F20CB9A7600F68D03 /* VESCounselorListVC.swift */ = {isa = PBXFileReference; lastKnownFileType = sourcecode.swift; path = VESCounselorListVC.swift; sourceTree = "<group>"; };
		6C8B952020CB9A7600F68D03 /* VESCounselorListVC.xib */ = {isa = PBXFileReference; lastKnownFileType = file.xib; path = VESCounselorListVC.xib; sourceTree = "<group>"; };
		6C968C3720E8F82C003C08B8 /* PlistUtility.swift */ = {isa = PBXFileReference; lastKnownFileType = sourcecode.swift; path = PlistUtility.swift; sourceTree = "<group>"; };
		6C968C3920E8F873003C08B8 /* FakeCounselor.plist */ = {isa = PBXFileReference; lastKnownFileType = text.plist.xml; path = FakeCounselor.plist; sourceTree = "<group>"; };
		6CAD5DC920E8F3CC00B56ADD /* VESCounselorCellv2.swift */ = {isa = PBXFileReference; lastKnownFileType = sourcecode.swift; path = VESCounselorCellv2.swift; sourceTree = "<group>"; };
		6CAD5DCA20E8F3CC00B56ADD /* VESCounselorCellv2.xib */ = {isa = PBXFileReference; lastKnownFileType = file.xib; path = VESCounselorCellv2.xib; sourceTree = "<group>"; };
		6CE0264020D97C6E0054C134 /* awsconfiguration.json */ = {isa = PBXFileReference; fileEncoding = 4; lastKnownFileType = text.json; path = awsconfiguration.json; sourceTree = "<group>"; };
		6CE6C18220CB88FA00B58B86 /* VESAppDelegate.swift */ = {isa = PBXFileReference; lastKnownFileType = sourcecode.swift; path = VESAppDelegate.swift; sourceTree = "<group>"; };
		6CE6C18420CB899700B58B86 /* VESBaseViewController.swift */ = {isa = PBXFileReference; lastKnownFileType = sourcecode.swift; path = VESBaseViewController.swift; sourceTree = "<group>"; };
		6CE6C18620CB8A1500B58B86 /* NibLoadableView.swift */ = {isa = PBXFileReference; lastKnownFileType = sourcecode.swift; path = NibLoadableView.swift; sourceTree = "<group>"; };
		6CE6C18820CB8A3600B58B86 /* ReuseableView.swift */ = {isa = PBXFileReference; lastKnownFileType = sourcecode.swift; path = ReuseableView.swift; sourceTree = "<group>"; };
		6CE6C18A20CB8A6000B58B86 /* UIImageViewExtensions.swift */ = {isa = PBXFileReference; lastKnownFileType = sourcecode.swift; path = UIImageViewExtensions.swift; sourceTree = "<group>"; };
		6CE6C18C20CB8A8C00B58B86 /* UIViewExtensions.swift */ = {isa = PBXFileReference; lastKnownFileType = sourcecode.swift; path = UIViewExtensions.swift; sourceTree = "<group>"; };
		6CE6C18E20CB8AA900B58B86 /* UITableViewExtensions.swift */ = {isa = PBXFileReference; lastKnownFileType = sourcecode.swift; path = UITableViewExtensions.swift; sourceTree = "<group>"; };
		6CE6C19020CB8ACF00B58B86 /* InitializeExtensions.swift */ = {isa = PBXFileReference; lastKnownFileType = sourcecode.swift; path = InitializeExtensions.swift; sourceTree = "<group>"; };
		6CE6C19220CB8AE600B58B86 /* ProcessInfoExtensions.swift */ = {isa = PBXFileReference; lastKnownFileType = sourcecode.swift; path = ProcessInfoExtensions.swift; sourceTree = "<group>"; };
		6CE6C19420CB8B0000B58B86 /* UICollectionViewExtensions.swift */ = {isa = PBXFileReference; lastKnownFileType = sourcecode.swift; path = UICollectionViewExtensions.swift; sourceTree = "<group>"; };
		6CE6C19620CB8B4100B58B86 /* StringExtensions.swift */ = {isa = PBXFileReference; lastKnownFileType = sourcecode.swift; path = StringExtensions.swift; sourceTree = "<group>"; };
		6CE6C19820CB8B6F00B58B86 /* AbstractAPI.swift */ = {isa = PBXFileReference; lastKnownFileType = sourcecode.swift; path = AbstractAPI.swift; sourceTree = "<group>"; };
		6CE6C19B20CB8BF700B58B86 /* Constant.swift */ = {isa = PBXFileReference; lastKnownFileType = sourcecode.swift; path = Constant.swift; sourceTree = "<group>"; };
		6CE6C19D20CB8C3100B58B86 /* NetworkingConstant.swift */ = {isa = PBXFileReference; lastKnownFileType = sourcecode.swift; path = NetworkingConstant.swift; sourceTree = "<group>"; };
		6CE6C1A020CB8CBF00B58B86 /* EnvConfiguration.plist */ = {isa = PBXFileReference; fileEncoding = 4; lastKnownFileType = text.plist.xml; path = EnvConfiguration.plist; sourceTree = "<group>"; };
		6CE6C1A220CB8D0A00B58B86 /* VESBaseTableViewCell.swift */ = {isa = PBXFileReference; lastKnownFileType = sourcecode.swift; path = VESBaseTableViewCell.swift; sourceTree = "<group>"; };
		6CE6C1A420CB8D2C00B58B86 /* VESBaseCollectionViewCell.swift */ = {isa = PBXFileReference; lastKnownFileType = sourcecode.swift; path = VESBaseCollectionViewCell.swift; sourceTree = "<group>"; };
		6CE6C1A620CB8D4B00B58B86 /* VESBaseNavigationController.swift */ = {isa = PBXFileReference; lastKnownFileType = sourcecode.swift; path = VESBaseNavigationController.swift; sourceTree = "<group>"; };
		6CE6C1A920CB902C00B58B86 /* VESLoginVC.swift */ = {isa = PBXFileReference; lastKnownFileType = sourcecode.swift; path = VESLoginVC.swift; sourceTree = "<group>"; };
		6CE6C1AA20CB902C00B58B86 /* VESLoginVC.xib */ = {isa = PBXFileReference; lastKnownFileType = file.xib; path = VESLoginVC.xib; sourceTree = "<group>"; };
		6CE6C1AE20CB917000B58B86 /* UIWindowTransitions.swift */ = {isa = PBXFileReference; fileEncoding = 4; lastKnownFileType = sourcecode.swift; path = UIWindowTransitions.swift; sourceTree = "<group>"; };
		6CF210F020F9FBE400A314CE /* VESAuthenticationService.swift */ = {isa = PBXFileReference; lastKnownFileType = sourcecode.swift; path = VESAuthenticationService.swift; sourceTree = "<group>"; };
		6CF2B3B420F9EAE3001E8662 /* Venus.entitlements */ = {isa = PBXFileReference; lastKnownFileType = text.plist.entitlements; path = Venus.entitlements; sourceTree = "<group>"; };
		ABE0CA2B3C6CD572EDDF8E82 /* Pods-Venus.release.xcconfig */ = {isa = PBXFileReference; includeInIndex = 1; lastKnownFileType = text.xcconfig; name = "Pods-Venus.release.xcconfig"; path = "Pods/Target Support Files/Pods-Venus/Pods-Venus.release.xcconfig"; sourceTree = "<group>"; };
		CC5F7233E791573C65CFFBD9 /* Pods-Venus.debug.xcconfig */ = {isa = PBXFileReference; includeInIndex = 1; lastKnownFileType = text.xcconfig; name = "Pods-Venus.debug.xcconfig"; path = "Pods/Target Support Files/Pods-Venus/Pods-Venus.debug.xcconfig"; sourceTree = "<group>"; };
/* End PBXFileReference section */

/* Begin PBXFrameworksBuildPhase section */
		6C7020DF20C6D3DD006AFEE5 /* Frameworks */ = {
			isa = PBXFrameworksBuildPhase;
			buildActionMask = 2147483647;
			files = (
				9AC4677C758A8D5495E558EB /* Pods_Venus.framework in Frameworks */,
			);
			runOnlyForDeploymentPostprocessing = 0;
		};
/* End PBXFrameworksBuildPhase section */

/* Begin PBXGroup section */
		1F5497BD8E218E7E27B4029B /* Pods */ = {
			isa = PBXGroup;
			children = (
				CC5F7233E791573C65CFFBD9 /* Pods-Venus.debug.xcconfig */,
				ABE0CA2B3C6CD572EDDF8E82 /* Pods-Venus.release.xcconfig */,
			);
			name = Pods;
			sourceTree = "<group>";
		};
		6C2D0CFE20EA8EEF00B2444F /* Booking */ = {
			isa = PBXGroup;
			children = (
				6C2D0CFF20EA8F0F00B2444F /* VESBookingCounselorVC.swift */,
				6C2D0D0020EA8F0F00B2444F /* VESBookingCounselorVC.xib */,
				6C1BACC020F290220037738A /* VESBookingSuccessViewController.swift */,
				6C1BACC120F290220037738A /* VESBookingSuccessViewController.xib */,
			);
			path = Booking;
			sourceTree = "<group>";
		};
		6C3101D920FA176500424EFF /* Authentication */ = {
			isa = PBXGroup;
			children = (
				6CE6C1A820CB900500B58B86 /* Login */,
			);
			path = Authentication;
			sourceTree = "<group>";
		};
		6C3101DA20FA177300424EFF /* Setting */ = {
			isa = PBXGroup;
			children = (
				6C3101DB20FA179800424EFF /* VESSettingVC.swift */,
				6C3101DC20FA179800424EFF /* VESSettingVC.xib */,
			);
			path = Setting;
			sourceTree = "<group>";
		};
		6C5C7EB920DFAE8F009C075F /* StructureUI */ = {
			isa = PBXGroup;
			children = (
				6C5C7EBA20DFAEEC009C075F /* VESTabBarVC.swift */,
			);
			path = StructureUI;
			sourceTree = "<group>";
		};
		6C5C7EBC20DFB57B009C075F /* Script */ = {
			isa = PBXGroup;
			children = (
				6C5C7EBD20DFB598009C075F /* SwiftGen.sh */,
			);
			path = Script;
			sourceTree = "<group>";
		};
		6C5C7EBF20DFB62E009C075F /* Resources */ = {
			isa = PBXGroup;
			children = (
				6C69BB7820DFFAF30039DA48 /* Fonts */,
				6C5C7EC020DFB637009C075F /* Assets */,
				6C705C082106457E008B0B9E /* VESColor.txt */,
			);
			path = Resources;
			sourceTree = "<group>";
		};
		6C5C7EC020DFB637009C075F /* Assets */ = {
			isa = PBXGroup;
			children = (
				6C705C0A21064613008B0B9E /* UIColor+VESColor.swift */,
				6C5C7EC220DFB755009C075F /* UIImage+Assets.swift */,
			);
			path = Assets;
			sourceTree = "<group>";
		};
		6C5C7EC720DFC2A3009C075F /* Cell */ = {
			isa = PBXGroup;
			children = (
				6C5C7EC820DFC2C4009C075F /* VESCounselorCell.swift */,
				6C5C7EC920DFC2C4009C075F /* VESCounselorCell.xib */,
				6CAD5DC920E8F3CC00B56ADD /* VESCounselorCellv2.swift */,
				6CAD5DCA20E8F3CC00B56ADD /* VESCounselorCellv2.xib */,
			);
			path = Cell;
			sourceTree = "<group>";
		};
		6C5C7ECC20DFC879009C075F /* CounselorDetail */ = {
			isa = PBXGroup;
			children = (
				6C5C7ECD20DFC894009C075F /* VESCounselorDetailVC.swift */,
				6C5C7ECE20DFC894009C075F /* VESCounselorDetailVC.xib */,
			);
			path = CounselorDetail;
			sourceTree = "<group>";
		};
		6C69BB7820DFFAF30039DA48 /* Fonts */ = {
			isa = PBXGroup;
			children = (
				6C69BB7920DFFAF30039DA48 /* OpenSans-Semibold.ttf */,
				6C69BB7A20DFFAF30039DA48 /* OpenSans-Light.ttf */,
				6C69BB7B20DFFAF30039DA48 /* OpenSans-Bold.ttf */,
				6C69BB7C20DFFAF30039DA48 /* OpenSans-Regular.ttf */,
			);
			path = Fonts;
			sourceTree = "<group>";
		};
		6C7020D920C6D3DD006AFEE5 = {
			isa = PBXGroup;
			children = (
				6C7020E420C6D3DD006AFEE5 /* Venus */,
				6C7020E320C6D3DD006AFEE5 /* Products */,
				1F5497BD8E218E7E27B4029B /* Pods */,
				82D9FA79A94F8A476B9F7F0C /* Frameworks */,
			);
			sourceTree = "<group>";
		};
		6C7020E320C6D3DD006AFEE5 /* Products */ = {
			isa = PBXGroup;
			children = (
				6C7020E220C6D3DD006AFEE5 /* Venus.app */,
			);
			name = Products;
			sourceTree = "<group>";
		};
		6C7020E420C6D3DD006AFEE5 /* Venus */ = {
			isa = PBXGroup;
			children = (
				6CF2B3B420F9EAE3001E8662 /* Venus.entitlements */,
				6CE6C17120CB882F00B58B86 /* App */,
				6CE6C17320CB884A00B58B86 /* Base */,
				6CE6C17220CB883E00B58B86 /* Extensions */,
				6CE6C17020CB882900B58B86 /* Networking */,
				6CE6C17620CB887900B58B86 /* UI */,
				6CE6C19F20CB8C9600B58B86 /* Supporting Files */,
			);
			path = Venus;
			sourceTree = "<group>";
		};
		6C8B951D20CB9A4A00F68D03 /* CounselorList */ = {
			isa = PBXGroup;
			children = (
				6C2D0CFE20EA8EEF00B2444F /* Booking */,
				6C5C7ECC20DFC879009C075F /* CounselorDetail */,
				6C5C7EC720DFC2A3009C075F /* Cell */,
				6C8B951F20CB9A7600F68D03 /* VESCounselorListVC.swift */,
				6C8B952020CB9A7600F68D03 /* VESCounselorListVC.xib */,
			);
			path = CounselorList;
			sourceTree = "<group>";
		};
		6C968C3520E8F7BA003C08B8 /* FakeData */ = {
			isa = PBXGroup;
			children = (
				6C968C3920E8F873003C08B8 /* FakeCounselor.plist */,
			);
			path = FakeData;
			sourceTree = "<group>";
		};
		6C968C3620E8F818003C08B8 /* Utility */ = {
			isa = PBXGroup;
			children = (
				6C968C3720E8F82C003C08B8 /* PlistUtility.swift */,
			);
			path = Utility;
			sourceTree = "<group>";
		};
		6CE6C17020CB882900B58B86 /* Networking */ = {
			isa = PBXGroup;
			children = (
				6CE6C19820CB8B6F00B58B86 /* AbstractAPI.swift */,
				6CE6C19D20CB8C3100B58B86 /* NetworkingConstant.swift */,
			);
			path = Networking;
			sourceTree = "<group>";
		};
		6CE6C17120CB882F00B58B86 /* App */ = {
			isa = PBXGroup;
			children = (
				6C5C7EBC20DFB57B009C075F /* Script */,
				6CE6C18220CB88FA00B58B86 /* VESAppDelegate.swift */,
				6CF210F020F9FBE400A314CE /* VESAuthenticationService.swift */,
			);
			path = App;
			sourceTree = "<group>";
		};
		6CE6C17220CB883E00B58B86 /* Extensions */ = {
			isa = PBXGroup;
			children = (
				6C968C3620E8F818003C08B8 /* Utility */,
				6CE6C18620CB8A1500B58B86 /* NibLoadableView.swift */,
				6CE6C18820CB8A3600B58B86 /* ReuseableView.swift */,
				6CE6C18A20CB8A6000B58B86 /* UIImageViewExtensions.swift */,
				6CE6C18C20CB8A8C00B58B86 /* UIViewExtensions.swift */,
				6CE6C18E20CB8AA900B58B86 /* UITableViewExtensions.swift */,
				6CE6C19020CB8ACF00B58B86 /* InitializeExtensions.swift */,
				6CE6C19220CB8AE600B58B86 /* ProcessInfoExtensions.swift */,
				6CE6C19420CB8B0000B58B86 /* UICollectionViewExtensions.swift */,
				6CE6C19620CB8B4100B58B86 /* StringExtensions.swift */,
				6C705C0C2106477A008B0B9E /* UIButtonExtensions.swift */,
			);
			path = Extensions;
			sourceTree = "<group>";
		};
		6CE6C17320CB884A00B58B86 /* Base */ = {
			isa = PBXGroup;
			children = (
				6CE6C19A20CB8BEC00B58B86 /* Common */,
				6CE6C17520CB886500B58B86 /* Library */,
				6CE6C17420CB885700B58B86 /* Inheritable */,
			);
			path = Base;
			sourceTree = "<group>";
		};
		6CE6C17420CB885700B58B86 /* Inheritable */ = {
			isa = PBXGroup;
			children = (
				6CE6C18420CB899700B58B86 /* VESBaseViewController.swift */,
				6CE6C1A220CB8D0A00B58B86 /* VESBaseTableViewCell.swift */,
				6CE6C1A420CB8D2C00B58B86 /* VESBaseCollectionViewCell.swift */,
				6CE6C1A620CB8D4B00B58B86 /* VESBaseNavigationController.swift */,
				6C5C7EB720DF97D3009C075F /* VESBaseTabBarController.swift */,
			);
			path = Inheritable;
			sourceTree = "<group>";
		};
		6CE6C17520CB886500B58B86 /* Library */ = {
			isa = PBXGroup;
			children = (
				6CE6C1AD20CB917000B58B86 /* UIWindowTransitions */,
				6CE6C17720CB88A600B58B86 /* SwiftTask */,
			);
			path = Library;
			sourceTree = "<group>";
		};
		6CE6C17620CB887900B58B86 /* UI */ = {
			isa = PBXGroup;
			children = (
				6C3101DA20FA177300424EFF /* Setting */,
				6C3101D920FA176500424EFF /* Authentication */,
				6C5C7EC520DFB93E009C075F /* FlowManager.swift */,
				6C5C7EB920DFAE8F009C075F /* StructureUI */,
				6C8B951D20CB9A4A00F68D03 /* CounselorList */,
				6C7020EE20C6D3DE006AFEE5 /* LaunchScreen.storyboard */,
			);
			path = UI;
			sourceTree = "<group>";
		};
		6CE6C17720CB88A600B58B86 /* SwiftTask */ = {
			isa = PBXGroup;
			children = (
				6C5C7EAD20DF8EF7009C075F /* _Atomic.swift */,
				6C5C7EB020DF8EF7009C075F /* _RecursiveLock.swift */,
				6C5C7EAE20DF8EF7009C075F /* _StateMachine.swift */,
				6C5C7EB120DF8EF7009C075F /* Cancellable.swift */,
				6C5C7EAF20DF8EF7009C075F /* SwiftTask.swift */,
			);
			path = SwiftTask;
			sourceTree = "<group>";
		};
		6CE6C19A20CB8BEC00B58B86 /* Common */ = {
			isa = PBXGroup;
			children = (
				6CE6C19B20CB8BF700B58B86 /* Constant.swift */,
			);
			path = Common;
			sourceTree = "<group>";
		};
		6CE6C19F20CB8C9600B58B86 /* Supporting Files */ = {
			isa = PBXGroup;
			children = (
				6C968C3520E8F7BA003C08B8 /* FakeData */,
				6C5C7EBF20DFB62E009C075F /* Resources */,
				6CE6C1A020CB8CBF00B58B86 /* EnvConfiguration.plist */,
				6C7020F120C6D3DE006AFEE5 /* Info.plist */,
				6C2E79FC20F78C1B00EE5870 /* GoogleService-Info.plist */,
				6CE0264020D97C6E0054C134 /* awsconfiguration.json */,
				6C7020EC20C6D3DE006AFEE5 /* Assets.xcassets */,
			);
			path = "Supporting Files";
			sourceTree = "<group>";
		};
		6CE6C1A820CB900500B58B86 /* Login */ = {
			isa = PBXGroup;
			children = (
				6CE6C1A920CB902C00B58B86 /* VESLoginVC.swift */,
				6CE6C1AA20CB902C00B58B86 /* VESLoginVC.xib */,
			);
			path = Login;
			sourceTree = "<group>";
		};
		6CE6C1AD20CB917000B58B86 /* UIWindowTransitions */ = {
			isa = PBXGroup;
			children = (
				6CE6C1AE20CB917000B58B86 /* UIWindowTransitions.swift */,
			);
			path = UIWindowTransitions;
			sourceTree = "<group>";
		};
		82D9FA79A94F8A476B9F7F0C /* Frameworks */ = {
			isa = PBXGroup;
			children = (
				45C1C6CF20B5ADF17414234C /* Pods_Venus.framework */,
			);
			name = Frameworks;
			sourceTree = "<group>";
		};
/* End PBXGroup section */

/* Begin PBXNativeTarget section */
		6C7020E120C6D3DD006AFEE5 /* Venus */ = {
			isa = PBXNativeTarget;
			buildConfigurationList = 6C7020F420C6D3DE006AFEE5 /* Build configuration list for PBXNativeTarget "Venus" */;
			buildPhases = (
				6FB8E7301699961E144720B4 /* [CP] Check Pods Manifest.lock */,
				6C5C7EC120DFB69D009C075F /* ShellScript */,
				6C7020DE20C6D3DD006AFEE5 /* Sources */,
				6C7020DF20C6D3DD006AFEE5 /* Frameworks */,
				6C7020E020C6D3DD006AFEE5 /* Resources */,
				42A402AED0E2CD823366A167 /* [CP] Embed Pods Frameworks */,
				0FA960E95809B2E53545C734 /* [CP] Copy Pods Resources */,
			);
			buildRules = (
			);
			dependencies = (
			);
			name = Venus;
			productName = venus;
			productReference = 6C7020E220C6D3DD006AFEE5 /* Venus.app */;
			productType = "com.apple.product-type.application";
		};
/* End PBXNativeTarget section */

/* Begin PBXProject section */
		6C7020DA20C6D3DD006AFEE5 /* Project object */ = {
			isa = PBXProject;
			attributes = {
				CLASSPREFIX = VES;
				LastSwiftUpdateCheck = 0930;
				LastUpgradeCheck = 0930;
				ORGANIZATIONNAME = tuvans;
				TargetAttributes = {
					6C7020E120C6D3DD006AFEE5 = {
						CreatedOnToolsVersion = 9.3.1;
						SystemCapabilities = {
							com.apple.Keychain = {
								enabled = 1;
							};
						};
					};
				};
			};
			buildConfigurationList = 6C7020DD20C6D3DD006AFEE5 /* Build configuration list for PBXProject "Venus" */;
			compatibilityVersion = "Xcode 9.3";
			developmentRegion = en;
			hasScannedForEncodings = 0;
			knownRegions = (
				en,
				Base,
			);
			mainGroup = 6C7020D920C6D3DD006AFEE5;
			productRefGroup = 6C7020E320C6D3DD006AFEE5 /* Products */;
			projectDirPath = "";
			projectRoot = "";
			targets = (
				6C7020E120C6D3DD006AFEE5 /* Venus */,
			);
		};
/* End PBXProject section */

/* Begin PBXResourcesBuildPhase section */
		6C7020E020C6D3DD006AFEE5 /* Resources */ = {
			isa = PBXResourcesBuildPhase;
			buildActionMask = 2147483647;
			files = (
				6CE6C1A120CB8CBF00B58B86 /* EnvConfiguration.plist in Resources */,
				6C2E79FD20F78C1B00EE5870 /* GoogleService-Info.plist in Resources */,
				6C7020F020C6D3DE006AFEE5 /* LaunchScreen.storyboard in Resources */,
				6C8B952220CB9A7600F68D03 /* VESCounselorListVC.xib in Resources */,
				6C69BB7E20DFFAF40039DA48 /* OpenSans-Light.ttf in Resources */,
				6C69BB7D20DFFAF40039DA48 /* OpenSans-Semibold.ttf in Resources */,
				6C5C7EBE20DFB598009C075F /* SwiftGen.sh in Resources */,
				6C7020ED20C6D3DE006AFEE5 /* Assets.xcassets in Resources */,
				6C3101DE20FA179800424EFF /* VESSettingVC.xib in Resources */,
				6C5C7ECB20DFC2C4009C075F /* VESCounselorCell.xib in Resources */,
				6C69BB8020DFFAF40039DA48 /* OpenSans-Regular.ttf in Resources */,
				6C705C092106457E008B0B9E /* VESColor.txt in Resources */,
				6CE0264120D97C6E0054C134 /* awsconfiguration.json in Resources */,
				6CE6C1AC20CB902C00B58B86 /* VESLoginVC.xib in Resources */,
				6C5C7ED020DFC894009C075F /* VESCounselorDetailVC.xib in Resources */,
				6C69BB7F20DFFAF40039DA48 /* OpenSans-Bold.ttf in Resources */,
				6C2D0D0220EA8F0F00B2444F /* VESBookingCounselorVC.xib in Resources */,
				6C968C3A20E8F873003C08B8 /* FakeCounselor.plist in Resources */,
				6CAD5DCC20E8F3CC00B56ADD /* VESCounselorCellv2.xib in Resources */,
				6C1BACC320F290220037738A /* VESBookingSuccessViewController.xib in Resources */,
			);
			runOnlyForDeploymentPostprocessing = 0;
		};
/* End PBXResourcesBuildPhase section */

/* Begin PBXShellScriptBuildPhase section */
		0FA960E95809B2E53545C734 /* [CP] Copy Pods Resources */ = {
			isa = PBXShellScriptBuildPhase;
			buildActionMask = 2147483647;
			files = (
			);
			inputPaths = (
				"${SRCROOT}/Pods/Target Support Files/Pods-Venus/Pods-Venus-resources.sh",
				"${PODS_ROOT}/GoogleSignIn/Resources/GoogleSignIn.bundle",
			);
			name = "[CP] Copy Pods Resources";
			outputPaths = (
				"${TARGET_BUILD_DIR}/${UNLOCALIZED_RESOURCES_FOLDER_PATH}/GoogleSignIn.bundle",
			);
			runOnlyForDeploymentPostprocessing = 0;
			shellPath = /bin/sh;
			shellScript = "\"${SRCROOT}/Pods/Target Support Files/Pods-Venus/Pods-Venus-resources.sh\"\n";
			showEnvVarsInLog = 0;
		};
		42A402AED0E2CD823366A167 /* [CP] Embed Pods Frameworks */ = {
			isa = PBXShellScriptBuildPhase;
			buildActionMask = 2147483647;
			files = (
			);
			inputPaths = (
				"${SRCROOT}/Pods/Target Support Files/Pods-Venus/Pods-Venus-frameworks.sh",
				"${BUILT_PRODUCTS_DIR}/Alamofire/Alamofire.framework",
				"${BUILT_PRODUCTS_DIR}/AlamofireObjectMapper/AlamofireObjectMapper.framework",
				"${BUILT_PRODUCTS_DIR}/Bolts/Bolts.framework",
				"${BUILT_PRODUCTS_DIR}/FBSDKCoreKit/FBSDKCoreKit.framework",
				"${BUILT_PRODUCTS_DIR}/FBSDKLoginKit/FBSDKLoginKit.framework",
				"${BUILT_PRODUCTS_DIR}/FBSDKShareKit/FBSDKShareKit.framework",
				"${BUILT_PRODUCTS_DIR}/FacebookCore/FacebookCore.framework",
				"${BUILT_PRODUCTS_DIR}/FacebookLogin/FacebookLogin.framework",
				"${BUILT_PRODUCTS_DIR}/FacebookShare/FacebookShare.framework",
				"${BUILT_PRODUCTS_DIR}/GTMOAuth2/GTMOAuth2.framework",
				"${BUILT_PRODUCTS_DIR}/GTMSessionFetcher/GTMSessionFetcher.framework",
				"${BUILT_PRODUCTS_DIR}/GoogleToolboxForMac/GoogleToolboxForMac.framework",
				"${BUILT_PRODUCTS_DIR}/IQKeyboardManagerSwift/IQKeyboardManagerSwift.framework",
				"${BUILT_PRODUCTS_DIR}/Kingfisher/Kingfisher.framework",
				"${BUILT_PRODUCTS_DIR}/ObjcExceptionBridging/ObjcExceptionBridging.framework",
				"${BUILT_PRODUCTS_DIR}/ObjectMapper/ObjectMapper.framework",
				"${BUILT_PRODUCTS_DIR}/RxCocoa/RxCocoa.framework",
				"${BUILT_PRODUCTS_DIR}/RxGesture/RxGesture.framework",
				"${BUILT_PRODUCTS_DIR}/RxSwift/RxSwift.framework",
				"${BUILT_PRODUCTS_DIR}/SVProgressHUD/SVProgressHUD.framework",
				"${BUILT_PRODUCTS_DIR}/SnapKit/SnapKit.framework",
				"${BUILT_PRODUCTS_DIR}/SwiftyJSON/SwiftyJSON.framework",
				"${BUILT_PRODUCTS_DIR}/XCGLogger/XCGLogger.framework",
				"${BUILT_PRODUCTS_DIR}/leveldb-library/leveldb.framework",
				"${BUILT_PRODUCTS_DIR}/nanopb/nanopb.framework",
			);
			name = "[CP] Embed Pods Frameworks";
			outputPaths = (
				"${TARGET_BUILD_DIR}/${FRAMEWORKS_FOLDER_PATH}/Alamofire.framework",
				"${TARGET_BUILD_DIR}/${FRAMEWORKS_FOLDER_PATH}/AlamofireObjectMapper.framework",
				"${TARGET_BUILD_DIR}/${FRAMEWORKS_FOLDER_PATH}/Bolts.framework",
				"${TARGET_BUILD_DIR}/${FRAMEWORKS_FOLDER_PATH}/FBSDKCoreKit.framework",
				"${TARGET_BUILD_DIR}/${FRAMEWORKS_FOLDER_PATH}/FBSDKLoginKit.framework",
				"${TARGET_BUILD_DIR}/${FRAMEWORKS_FOLDER_PATH}/FBSDKShareKit.framework",
				"${TARGET_BUILD_DIR}/${FRAMEWORKS_FOLDER_PATH}/FacebookCore.framework",
				"${TARGET_BUILD_DIR}/${FRAMEWORKS_FOLDER_PATH}/FacebookLogin.framework",
				"${TARGET_BUILD_DIR}/${FRAMEWORKS_FOLDER_PATH}/FacebookShare.framework",
				"${TARGET_BUILD_DIR}/${FRAMEWORKS_FOLDER_PATH}/GTMOAuth2.framework",
				"${TARGET_BUILD_DIR}/${FRAMEWORKS_FOLDER_PATH}/GTMSessionFetcher.framework",
				"${TARGET_BUILD_DIR}/${FRAMEWORKS_FOLDER_PATH}/GoogleToolboxForMac.framework",
				"${TARGET_BUILD_DIR}/${FRAMEWORKS_FOLDER_PATH}/IQKeyboardManagerSwift.framework",
				"${TARGET_BUILD_DIR}/${FRAMEWORKS_FOLDER_PATH}/Kingfisher.framework",
				"${TARGET_BUILD_DIR}/${FRAMEWORKS_FOLDER_PATH}/ObjcExceptionBridging.framework",
				"${TARGET_BUILD_DIR}/${FRAMEWORKS_FOLDER_PATH}/ObjectMapper.framework",
				"${TARGET_BUILD_DIR}/${FRAMEWORKS_FOLDER_PATH}/RxCocoa.framework",
				"${TARGET_BUILD_DIR}/${FRAMEWORKS_FOLDER_PATH}/RxGesture.framework",
				"${TARGET_BUILD_DIR}/${FRAMEWORKS_FOLDER_PATH}/RxSwift.framework",
				"${TARGET_BUILD_DIR}/${FRAMEWORKS_FOLDER_PATH}/SVProgressHUD.framework",
				"${TARGET_BUILD_DIR}/${FRAMEWORKS_FOLDER_PATH}/SnapKit.framework",
				"${TARGET_BUILD_DIR}/${FRAMEWORKS_FOLDER_PATH}/SwiftyJSON.framework",
				"${TARGET_BUILD_DIR}/${FRAMEWORKS_FOLDER_PATH}/XCGLogger.framework",
				"${TARGET_BUILD_DIR}/${FRAMEWORKS_FOLDER_PATH}/leveldb.framework",
				"${TARGET_BUILD_DIR}/${FRAMEWORKS_FOLDER_PATH}/nanopb.framework",
			);
			runOnlyForDeploymentPostprocessing = 0;
			shellPath = /bin/sh;
			shellScript = "\"${SRCROOT}/Pods/Target Support Files/Pods-Venus/Pods-Venus-frameworks.sh\"\n";
			showEnvVarsInLog = 0;
		};
		6C5C7EC120DFB69D009C075F /* ShellScript */ = {
			isa = PBXShellScriptBuildPhase;
			buildActionMask = 2147483647;
			files = (
			);
			inputPaths = (
			);
			outputPaths = (
			);
			runOnlyForDeploymentPostprocessing = 0;
			shellPath = /bin/sh;
			shellScript = $TARGET_NAME/App/Script/SwiftGen.sh;
		};
		6FB8E7301699961E144720B4 /* [CP] Check Pods Manifest.lock */ = {
			isa = PBXShellScriptBuildPhase;
			buildActionMask = 2147483647;
			files = (
			);
			inputPaths = (
				"${PODS_PODFILE_DIR_PATH}/Podfile.lock",
				"${PODS_ROOT}/Manifest.lock",
			);
			name = "[CP] Check Pods Manifest.lock";
			outputPaths = (
				"$(DERIVED_FILE_DIR)/Pods-Venus-checkManifestLockResult.txt",
			);
			runOnlyForDeploymentPostprocessing = 0;
			shellPath = /bin/sh;
			shellScript = "diff \"${PODS_PODFILE_DIR_PATH}/Podfile.lock\" \"${PODS_ROOT}/Manifest.lock\" > /dev/null\nif [ $? != 0 ] ; then\n    # print error to STDERR\n    echo \"error: The sandbox is not in sync with the Podfile.lock. Run 'pod install' or update your CocoaPods installation.\" >&2\n    exit 1\nfi\n# This output is used by Xcode 'outputs' to avoid re-running this script phase.\necho \"SUCCESS\" > \"${SCRIPT_OUTPUT_FILE_0}\"\n";
			showEnvVarsInLog = 0;
		};
/* End PBXShellScriptBuildPhase section */

/* Begin PBXSourcesBuildPhase section */
		6C7020DE20C6D3DD006AFEE5 /* Sources */ = {
			isa = PBXSourcesBuildPhase;
			buildActionMask = 2147483647;
			files = (
				6C2D0D0120EA8F0F00B2444F /* VESBookingCounselorVC.swift in Sources */,
				6CE6C1AF20CB917000B58B86 /* UIWindowTransitions.swift in Sources */,
				6CE6C1A320CB8D0A00B58B86 /* VESBaseTableViewCell.swift in Sources */,
				6CE6C19320CB8AE600B58B86 /* ProcessInfoExtensions.swift in Sources */,
				6C1BACC220F290220037738A /* VESBookingSuccessViewController.swift in Sources */,
				6CAD5DCB20E8F3CC00B56ADD /* VESCounselorCellv2.swift in Sources */,
				6CE6C18320CB88FA00B58B86 /* VESAppDelegate.swift in Sources */,
				6CE6C18D20CB8A8C00B58B86 /* UIViewExtensions.swift in Sources */,
				6CE6C19120CB8ACF00B58B86 /* InitializeExtensions.swift in Sources */,
				6C3101DD20FA179800424EFF /* VESSettingVC.swift in Sources */,
				6C8B952120CB9A7600F68D03 /* VESCounselorListVC.swift in Sources */,
				6C5C7ECA20DFC2C4009C075F /* VESCounselorCell.swift in Sources */,
				6C705C0B21064613008B0B9E /* UIColor+VESColor.swift in Sources */,
				6C5C7EB520DF8EF7009C075F /* _RecursiveLock.swift in Sources */,
				6CF210F120F9FBE400A314CE /* VESAuthenticationService.swift in Sources */,
				6CE6C1AB20CB902C00B58B86 /* VESLoginVC.swift in Sources */,
				6C5C7EBB20DFAEEC009C075F /* VESTabBarVC.swift in Sources */,
				6CE6C19C20CB8BF700B58B86 /* Constant.swift in Sources */,
				6CE6C18920CB8A3600B58B86 /* ReuseableView.swift in Sources */,
				6CE6C1A720CB8D4B00B58B86 /* VESBaseNavigationController.swift in Sources */,
				6CE6C18F20CB8AA900B58B86 /* UITableViewExtensions.swift in Sources */,
				6CE6C18720CB8A1500B58B86 /* NibLoadableView.swift in Sources */,
				6CE6C19720CB8B4100B58B86 /* StringExtensions.swift in Sources */,
				6C5C7EB820DF97D3009C075F /* VESBaseTabBarController.swift in Sources */,
				6C5C7EC620DFB93E009C075F /* FlowManager.swift in Sources */,
				6C5C7EB620DF8EF7009C075F /* Cancellable.swift in Sources */,
				6CE6C19520CB8B0000B58B86 /* UICollectionViewExtensions.swift in Sources */,
				6CE6C1A520CB8D2C00B58B86 /* VESBaseCollectionViewCell.swift in Sources */,
				6CE6C18520CB899700B58B86 /* VESBaseViewController.swift in Sources */,
				6C5C7EB420DF8EF7009C075F /* SwiftTask.swift in Sources */,
				6C968C3820E8F82C003C08B8 /* PlistUtility.swift in Sources */,
				6C5C7EB220DF8EF7009C075F /* _Atomic.swift in Sources */,
				6CE6C18B20CB8A6000B58B86 /* UIImageViewExtensions.swift in Sources */,
				6C705C0D2106477A008B0B9E /* UIButtonExtensions.swift in Sources */,
				6CE6C19920CB8B6F00B58B86 /* AbstractAPI.swift in Sources */,
				6CE6C19E20CB8C3100B58B86 /* NetworkingConstant.swift in Sources */,
				6C5C7EC320DFB755009C075F /* UIImage+Assets.swift in Sources */,
				6C5C7EB320DF8EF7009C075F /* _StateMachine.swift in Sources */,
				6C5C7ECF20DFC894009C075F /* VESCounselorDetailVC.swift in Sources */,
			);
			runOnlyForDeploymentPostprocessing = 0;
		};
/* End PBXSourcesBuildPhase section */

/* Begin PBXVariantGroup section */
		6C7020EE20C6D3DE006AFEE5 /* LaunchScreen.storyboard */ = {
			isa = PBXVariantGroup;
			children = (
				6C7020EF20C6D3DE006AFEE5 /* Base */,
			);
			name = LaunchScreen.storyboard;
			sourceTree = "<group>";
		};
/* End PBXVariantGroup section */

/* Begin XCBuildConfiguration section */
		6C7020F220C6D3DE006AFEE5 /* Debug */ = {
			isa = XCBuildConfiguration;
			buildSettings = {
				ALWAYS_SEARCH_USER_PATHS = NO;
				CLANG_ANALYZER_NONNULL = YES;
				CLANG_ANALYZER_NUMBER_OBJECT_CONVERSION = YES_AGGRESSIVE;
				CLANG_CXX_LANGUAGE_STANDARD = "gnu++14";
				CLANG_CXX_LIBRARY = "libc++";
				CLANG_ENABLE_MODULES = YES;
				CLANG_ENABLE_OBJC_ARC = YES;
				CLANG_ENABLE_OBJC_WEAK = YES;
				CLANG_WARN_BLOCK_CAPTURE_AUTORELEASING = YES;
				CLANG_WARN_BOOL_CONVERSION = YES;
				CLANG_WARN_COMMA = YES;
				CLANG_WARN_CONSTANT_CONVERSION = YES;
				CLANG_WARN_DEPRECATED_OBJC_IMPLEMENTATIONS = YES;
				CLANG_WARN_DIRECT_OBJC_ISA_USAGE = YES_ERROR;
				CLANG_WARN_DOCUMENTATION_COMMENTS = YES;
				CLANG_WARN_EMPTY_BODY = YES;
				CLANG_WARN_ENUM_CONVERSION = YES;
				CLANG_WARN_INFINITE_RECURSION = YES;
				CLANG_WARN_INT_CONVERSION = YES;
				CLANG_WARN_NON_LITERAL_NULL_CONVERSION = YES;
				CLANG_WARN_OBJC_IMPLICIT_RETAIN_SELF = YES;
				CLANG_WARN_OBJC_LITERAL_CONVERSION = YES;
				CLANG_WARN_OBJC_ROOT_CLASS = YES_ERROR;
				CLANG_WARN_RANGE_LOOP_ANALYSIS = YES;
				CLANG_WARN_STRICT_PROTOTYPES = YES;
				CLANG_WARN_SUSPICIOUS_MOVE = YES;
				CLANG_WARN_UNGUARDED_AVAILABILITY = YES_AGGRESSIVE;
				CLANG_WARN_UNREACHABLE_CODE = YES;
				CLANG_WARN__DUPLICATE_METHOD_MATCH = YES;
				CODE_SIGN_IDENTITY = "iPhone Developer";
				COPY_PHASE_STRIP = NO;
				DEBUG_INFORMATION_FORMAT = dwarf;
				ENABLE_STRICT_OBJC_MSGSEND = YES;
				ENABLE_TESTABILITY = YES;
				GCC_C_LANGUAGE_STANDARD = gnu11;
				GCC_DYNAMIC_NO_PIC = NO;
				GCC_NO_COMMON_BLOCKS = YES;
				GCC_OPTIMIZATION_LEVEL = 0;
				GCC_PREPROCESSOR_DEFINITIONS = (
					"DEBUG=1",
					"$(inherited)",
				);
				GCC_WARN_64_TO_32_BIT_CONVERSION = YES;
				GCC_WARN_ABOUT_RETURN_TYPE = YES_ERROR;
				GCC_WARN_UNDECLARED_SELECTOR = YES;
				GCC_WARN_UNINITIALIZED_AUTOS = YES_AGGRESSIVE;
				GCC_WARN_UNUSED_FUNCTION = YES;
				GCC_WARN_UNUSED_VARIABLE = YES;
				IPHONEOS_DEPLOYMENT_TARGET = 11.3;
				MTL_ENABLE_DEBUG_INFO = YES;
				ONLY_ACTIVE_ARCH = YES;
				SDKROOT = iphoneos;
				SWIFT_ACTIVE_COMPILATION_CONDITIONS = DEBUG;
				SWIFT_OPTIMIZATION_LEVEL = "-Onone";
			};
			name = Debug;
		};
		6C7020F320C6D3DE006AFEE5 /* Release */ = {
			isa = XCBuildConfiguration;
			buildSettings = {
				ALWAYS_SEARCH_USER_PATHS = NO;
				CLANG_ANALYZER_NONNULL = YES;
				CLANG_ANALYZER_NUMBER_OBJECT_CONVERSION = YES_AGGRESSIVE;
				CLANG_CXX_LANGUAGE_STANDARD = "gnu++14";
				CLANG_CXX_LIBRARY = "libc++";
				CLANG_ENABLE_MODULES = YES;
				CLANG_ENABLE_OBJC_ARC = YES;
				CLANG_ENABLE_OBJC_WEAK = YES;
				CLANG_WARN_BLOCK_CAPTURE_AUTORELEASING = YES;
				CLANG_WARN_BOOL_CONVERSION = YES;
				CLANG_WARN_COMMA = YES;
				CLANG_WARN_CONSTANT_CONVERSION = YES;
				CLANG_WARN_DEPRECATED_OBJC_IMPLEMENTATIONS = YES;
				CLANG_WARN_DIRECT_OBJC_ISA_USAGE = YES_ERROR;
				CLANG_WARN_DOCUMENTATION_COMMENTS = YES;
				CLANG_WARN_EMPTY_BODY = YES;
				CLANG_WARN_ENUM_CONVERSION = YES;
				CLANG_WARN_INFINITE_RECURSION = YES;
				CLANG_WARN_INT_CONVERSION = YES;
				CLANG_WARN_NON_LITERAL_NULL_CONVERSION = YES;
				CLANG_WARN_OBJC_IMPLICIT_RETAIN_SELF = YES;
				CLANG_WARN_OBJC_LITERAL_CONVERSION = YES;
				CLANG_WARN_OBJC_ROOT_CLASS = YES_ERROR;
				CLANG_WARN_RANGE_LOOP_ANALYSIS = YES;
				CLANG_WARN_STRICT_PROTOTYPES = YES;
				CLANG_WARN_SUSPICIOUS_MOVE = YES;
				CLANG_WARN_UNGUARDED_AVAILABILITY = YES_AGGRESSIVE;
				CLANG_WARN_UNREACHABLE_CODE = YES;
				CLANG_WARN__DUPLICATE_METHOD_MATCH = YES;
				CODE_SIGN_IDENTITY = "iPhone Developer";
				COPY_PHASE_STRIP = NO;
				DEBUG_INFORMATION_FORMAT = "dwarf-with-dsym";
				ENABLE_NS_ASSERTIONS = NO;
				ENABLE_STRICT_OBJC_MSGSEND = YES;
				GCC_C_LANGUAGE_STANDARD = gnu11;
				GCC_NO_COMMON_BLOCKS = YES;
				GCC_WARN_64_TO_32_BIT_CONVERSION = YES;
				GCC_WARN_ABOUT_RETURN_TYPE = YES_ERROR;
				GCC_WARN_UNDECLARED_SELECTOR = YES;
				GCC_WARN_UNINITIALIZED_AUTOS = YES_AGGRESSIVE;
				GCC_WARN_UNUSED_FUNCTION = YES;
				GCC_WARN_UNUSED_VARIABLE = YES;
				IPHONEOS_DEPLOYMENT_TARGET = 11.3;
				MTL_ENABLE_DEBUG_INFO = NO;
				SDKROOT = iphoneos;
				SWIFT_COMPILATION_MODE = wholemodule;
				SWIFT_OPTIMIZATION_LEVEL = "-O";
				VALIDATE_PRODUCT = YES;
			};
			name = Release;
		};
		6C7020F520C6D3DE006AFEE5 /* Debug */ = {
			isa = XCBuildConfiguration;
			baseConfigurationReference = CC5F7233E791573C65CFFBD9 /* Pods-Venus.debug.xcconfig */;
			buildSettings = {
				ASSETCATALOG_COMPILER_APPICON_NAME = AppIcon;
				CODE_SIGN_ENTITLEMENTS = Venus/Venus.entitlements;
				CODE_SIGN_IDENTITY = "iPhone Developer";
				CODE_SIGN_STYLE = Manual;
				DEVELOPMENT_TEAM = VY99ZK5693;
				INFOPLIST_FILE = "$(SRCROOT)/venus/Supporting Files/Info.plist";
				IPHONEOS_DEPLOYMENT_TARGET = 10.0;
				LD_RUNPATH_SEARCH_PATHS = (
					"$(inherited)",
					"@executable_path/Frameworks",
				);
				PRODUCT_BUNDLE_IDENTIFIER = com.moranow.mora;
				PRODUCT_NAME = "$(TARGET_NAME)";
				PROVISIONING_PROFILE = "69bf31d5-a711-46e9-a889-040dad07f236";
				PROVISIONING_PROFILE_SPECIFIER = Mora_Dev;
				SWIFT_VERSION = 4.0;
				TARGETED_DEVICE_FAMILY = 1;
			};
			name = Debug;
		};
		6C7020F620C6D3DE006AFEE5 /* Release */ = {
			isa = XCBuildConfiguration;
			baseConfigurationReference = ABE0CA2B3C6CD572EDDF8E82 /* Pods-Venus.release.xcconfig */;
			buildSettings = {
				ASSETCATALOG_COMPILER_APPICON_NAME = AppIcon;
				CODE_SIGN_ENTITLEMENTS = Venus/Venus.entitlements;
				CODE_SIGN_IDENTITY = "iPhone Distribution";
				CODE_SIGN_STYLE = Manual;
				DEVELOPMENT_TEAM = VY99ZK5693;
				INFOPLIST_FILE = "$(SRCROOT)/venus/Supporting Files/Info.plist";
				IPHONEOS_DEPLOYMENT_TARGET = 10.0;
				LD_RUNPATH_SEARCH_PATHS = (
					"$(inherited)",
					"@executable_path/Frameworks",
				);
				PRODUCT_BUNDLE_IDENTIFIER = com.moranow.mora;
				PRODUCT_NAME = "$(TARGET_NAME)";
				PROVISIONING_PROFILE = "5740550f-86db-48ec-9d44-7f825b2fb59f";
				PROVISIONING_PROFILE_SPECIFIER = Mora_Adhoc;
				SWIFT_VERSION = 4.0;
				TARGETED_DEVICE_FAMILY = 1;
			};
			name = Release;
		};
/* End XCBuildConfiguration section */

/* Begin XCConfigurationList section */
		6C7020DD20C6D3DD006AFEE5 /* Build configuration list for PBXProject "Venus" */ = {
			isa = XCConfigurationList;
			buildConfigurations = (
				6C7020F220C6D3DE006AFEE5 /* Debug */,
				6C7020F320C6D3DE006AFEE5 /* Release */,
			);
			defaultConfigurationIsVisible = 0;
			defaultConfigurationName = Release;
		};
		6C7020F420C6D3DE006AFEE5 /* Build configuration list for PBXNativeTarget "Venus" */ = {
			isa = XCConfigurationList;
			buildConfigurations = (
				6C7020F520C6D3DE006AFEE5 /* Debug */,
				6C7020F620C6D3DE006AFEE5 /* Release */,
			);
			defaultConfigurationIsVisible = 0;
			defaultConfigurationName = Release;
		};
/* End XCConfigurationList section */
	};
	rootObject = 6C7020DA20C6D3DD006AFEE5 /* Project object */;
}
